<?xml version="1.0" encoding="utf-8"?>
<Project ToolsVersion="4.0" xmlns="http://schemas.microsoft.com/developer/msbuild/2003">
  <ItemGroup>
    <Filter Include="DesignPattern">
      <UniqueIdentifier>{40e6a5dc-ee77-4e4f-bd6e-30e4620ce2ae}</UniqueIdentifier>
    </Filter>
    <Filter Include="DesignPattern\Singleton">
      <UniqueIdentifier>{fb1302df-e491-46ec-b63e-5ac97a07851b}</UniqueIdentifier>
    </Filter>
    <Filter Include="DesignPattern\Facatory">
      <UniqueIdentifier>{4bd2bd82-29a7-4133-bc53-ec21d75caf54}</UniqueIdentifier>
    </Filter>
    <Filter Include="DesignPattern\Strategy">
      <UniqueIdentifier>{7f6e3629-c91c-4c9f-b728-6690af9f3de2}</UniqueIdentifier>
    </Filter>
    <Filter Include="DesignPattern\Observer">
      <UniqueIdentifier>{6b2f3912-cddc-48aa-930f-9d3603a26739}</UniqueIdentifier>
    </Filter>
    <Filter Include="DesignPattern\Proxy">
      <UniqueIdentifier>{0559522d-896b-4ac4-ad42-f0df7c0b0db1}</UniqueIdentifier>
    </Filter>
  </ItemGroup>
  <ItemGroup>
    <ClCompile Include="main.cpp" />
    <ClCompile Include="Singleton.cpp">
      <Filter>DesignPattern\Singleton</Filter>
    </ClCompile>
    <ClCompile Include="DI.cpp">
      <Filter>DesignPattern\Singleton</Filter>
    </ClCompile>
    <ClCompile Include="Factory.cpp">
      <Filter>DesignPattern\Facatory</Filter>
    </ClCompile>
    <ClCompile Include="Player.cpp">
      <Filter>DesignPattern\Facatory</Filter>
    </ClCompile>
    <ClCompile Include="Strategy.cpp">
      <Filter>DesignPattern\Strategy</Filter>
    </ClCompile>
    <ClCompile Include="Observer.cpp">
      <Filter>DesignPattern\Observer</Filter>
    </ClCompile>
    <ClCompile Include="TestObserver.cpp">
      <Filter>DesignPattern\Observer</Filter>
    </ClCompile>
    <ClCompile Include="Proxy.cpp">
      <Filter>DesignPattern\Proxy</Filter>
    </ClCompile>
  </ItemGroup>
  <ItemGroup>
    <ClInclude Include="Singleton.h">
      <Filter>DesignPattern\Singleton</Filter>
    </ClInclude>
    <ClInclude Include="DI.h">
      <Filter>DesignPattern\Singleton</Filter>
    </ClInclude>
    <ClInclude Include="Factory.h">
      <Filter>DesignPattern\Facatory</Filter>
    </ClInclude>
    <ClInclude Include="Player.h">
      <Filter>DesignPattern\Facatory</Filter>
    </ClInclude>
    <ClInclude Include="Strategy.h">
      <Filter>DesignPattern\Strategy</Filter>
    </ClInclude>
    <ClInclude Include="Observer.h">
      <Filter>DesignPattern\Observer</Filter>
    </ClInclude>
    <ClInclude Include="TestObserver.h">
      <Filter>DesignPattern\Observer</Filter>
    </ClInclude>
    <ClInclude Include="Proxy.h">
      <Filter>DesignPattern\Proxy</Filter>
    </ClInclude>
  </ItemGroup>
</Project>