<?xml version="1.0" encoding="utf-8"?>
<Project ToolsVersion="4.0" xmlns="http://schemas.microsoft.com/developer/msbuild/2003">
  <ItemGroup>
    <Filter Include="DesignPattern">
      <UniqueIdentifier>{40e6a5dc-ee77-4e4f-bd6e-30e4620ce2ae}</UniqueIdentifier>
    </Filter>
    <Filter Include="DesignPattern\Singleton">
      <UniqueIdentifier>{fb1302df-e491-46ec-b63e-5ac97a07851b}</UniqueIdentifier>
    </Filter>
  </ItemGroup>
  <ItemGroup>
    <ClCompile Include="main.cpp" />
    <ClCompile Include="Singleton.cpp">
      <Filter>DesignPattern\Singleton</Filter>
    </ClCompile>
  </ItemGroup>
  <ItemGroup>
    <ClInclude Include="Singleton.h">
      <Filter>DesignPattern\Singleton</Filter>
    </ClInclude>
  </ItemGroup>
</Project>